
Microsoft Visual Studio Solution File, Format Version 12.00
# Visual Studio Version 17
VisualStudioVersion = 17.1.32319.34
MinimumVisualStudioVersion = 10.0.40219.1
Project("{FAE04EC0-301F-11D3-BF4B-00C04F79EFBC}") = "TradeDesktop", "TradeDesktop\TradeDesktop.csproj", "{AF7D2303-6C53-4FCF-8892-E1FF2E9AD47B}"
EndProject
Project("{FAE04EC0-301F-11D3-BF4B-00C04F79EFBC}") = "ClassLibrary1", "ClassLibrary1\ClassLibrary1.csproj", "{7A3DC399-C0D2-4F06-8604-314C1F154FE1}"
EndProject
Global
	GlobalSection(SolutionConfigurationPlatforms) = preSolution
		Debug|Any CPU = Debug|Any CPU
		Release|Any CPU = Release|Any CPU
	EndGlobalSection
	GlobalSection(ProjectConfigurationPlatforms) = postSolution
		{AF7D2303-6C53-4FCF-8892-E1FF2E9AD47B}.Debug|Any CPU.ActiveCfg = Debug|Any CPU
		{AF7D2303-6C53-4FCF-8892-E1FF2E9AD47B}.Debug|Any CPU.Build.0 = Debug|Any CPU
		{AF7D2303-6C53-4FCF-8892-E1FF2E9AD47B}.Release|Any CPU.ActiveCfg = Release|Any CPU
		{AF7D2303-6C53-4FCF-8892-E1FF2E9AD47B}.Release|Any CPU.Build.0 = Release|Any CPU
		{7A3DC399-C0D2-4F06-8604-314C1F154FE1}.Debug|Any CPU.ActiveCfg = Debug|Any CPU
		{7A3DC399-C0D2-4F06-8604-314C1F154FE1}.Debug|Any CPU.Build.0 = Debug|Any CPU
		{7A3DC399-C0D2-4F06-8604-314C1F154FE1}.Release|Any CPU.ActiveCfg = Release|Any CPU
		{7A3DC399-C0D2-4F06-8604-314C1F154FE1}.Release|Any CPU.Build.0 = Release|Any CPU
	EndGlobalSection
	GlobalSection(SolutionProperties) = preSolution
		HideSolutionNode = FALSE
	EndGlobalSection
	GlobalSection(ExtensibilityGlobals) = postSolution
		SolutionGuid = {202A6F52-7359-478E-8F69-461D2269DB88}
	EndGlobalSection
EndGlobal
